{
  "version": 4,
  "terraform_version": "0.14.4",
  "serial": 7,
  "lineage": "43018044-b6a2-0ed3-6c2b-dab745d2f99b",
  "outputs": {
    "vcn": {
      "value": "ocid1.vcn.oc1.me-jeddah-1.amaaaaaav26xkiya7meazcyynumfpajkbu3fj7anqkz2wexwzkqt3j4tdirq",
      "type": "string"
    }
  },
  "resources": [
    {
      "module": "module.vcn",
      "mode": "managed",
      "type": "oci_core_internet_gateway",
      "name": "ig",
      "provider": "provider[\"registry.terraform.io/hashicorp/oci\"]",
      "instances": [
        {
          "index_key": 0,
          "schema_version": 0,
          "attributes": {
            "compartment_id": "ocid1.tenancy.oc1..aaaaaaaadus45gcw2hf7r6a5wfjegzovazmxqemryxhto5phlt2gpalpcahq",
            "defined_tags": {
              "Oracle-Tags.CreatedBy": "oracleidentitycloudservice/hager.m.elsehaimy@gmail.com",
              "Oracle-Tags.CreatedOn": "2021-01-15T21:41:54.460Z"
            },
            "display_name": "internet-gateway",
            "enabled": true,
            "freeform_tags": {
              "environment": "dev"
            },
            "id": "ocid1.internetgateway.oc1.me-jeddah-1.aaaaaaaake6dqxscvbk2yfk6dykywcomga73xsupnacrf4r3tojpdarqujfq",
            "state": "AVAILABLE",
            "time_created": "2021-01-15 21:41:54.51 +0000 UTC",
            "timeouts": null,
            "vcn_id": "ocid1.vcn.oc1.me-jeddah-1.amaaaaaav26xkiya7meazcyynumfpajkbu3fj7anqkz2wexwzkqt3j4tdirq"
          },
          "sensitive_attributes": [],
          "private": "eyJlMmJmYjczMC1lY2FhLTExZTYtOGY4OC0zNDM2M2JjN2M0YzAiOnsiY3JlYXRlIjoxMjAwMDAwMDAwMDAwLCJkZWxldGUiOjEyMDAwMDAwMDAwMDAsInVwZGF0ZSI6MTIwMDAwMDAwMDAwMH19",
          "dependencies": [
            "module.vcn.oci_core_vcn.vcn"
          ]
        }
      ]
    },
    {
      "module": "module.vcn",
      "mode": "managed",
      "type": "oci_core_nat_gateway",
      "name": "nat_gateway",
      "provider": "provider[\"registry.terraform.io/hashicorp/oci\"]",
      "instances": [
        {
          "index_key": 0,
          "schema_version": 0,
          "attributes": {
            "block_traffic": false,
            "compartment_id": "ocid1.tenancy.oc1..aaaaaaaadus45gcw2hf7r6a5wfjegzovazmxqemryxhto5phlt2gpalpcahq",
            "defined_tags": {
              "Oracle-Tags.CreatedBy": "oracleidentitycloudservice/hager.m.elsehaimy@gmail.com",
              "Oracle-Tags.CreatedOn": "2021-01-15T21:41:54.005Z"
            },
            "display_name": "nat-gateway",
            "freeform_tags": {
              "environment": "dev"
            },
            "id": "ocid1.natgateway.oc1.me-jeddah-1.aaaaaaaaxbgs3bc7il7xp26woyajglrlcnqhyl7bxc42kc63vmrlca275uca",
            "nat_ip": "193.122.72.4",
            "public_ip_id": "ocid1.publicip.oc1.me-jeddah-1.aaaaaaaazlaqrbwf7hlngwzqmwnobm5zz7rjwbhreuuc75hxtbvb3e3b3zbq",
            "state": "AVAILABLE",
            "time_created": "2021-01-15 21:41:54.364 +0000 UTC",
            "timeouts": null,
            "vcn_id": "ocid1.vcn.oc1.me-jeddah-1.amaaaaaav26xkiya7meazcyynumfpajkbu3fj7anqkz2wexwzkqt3j4tdirq"
          },
          "sensitive_attributes": [],
          "private": "eyJlMmJmYjczMC1lY2FhLTExZTYtOGY4OC0zNDM2M2JjN2M0YzAiOnsiY3JlYXRlIjoxMjAwMDAwMDAwMDAwLCJkZWxldGUiOjEyMDAwMDAwMDAwMDAsInVwZGF0ZSI6MTIwMDAwMDAwMDAwMH19",
          "dependencies": [
            "module.vcn.oci_core_vcn.vcn"
          ]
        }
      ]
    },
    {
      "module": "module.vcn",
      "mode": "managed",
      "type": "oci_core_route_table",
      "name": "ig",
      "provider": "provider[\"registry.terraform.io/hashicorp/oci\"]",
      "instances": [
        {
          "index_key": 0,
          "schema_version": 0,
          "attributes": {
            "compartment_id": "ocid1.tenancy.oc1..aaaaaaaadus45gcw2hf7r6a5wfjegzovazmxqemryxhto5phlt2gpalpcahq",
            "defined_tags": {
              "Oracle-Tags.CreatedBy": "oracleidentitycloudservice/hager.m.elsehaimy@gmail.com",
              "Oracle-Tags.CreatedOn": "2021-01-15T21:41:55.168Z"
            },
            "display_name": "internet-route",
            "freeform_tags": {
              "environment": "dev"
            },
            "id": "ocid1.routetable.oc1.me-jeddah-1.aaaaaaaa4kzwjpfntrns3koijvwefjfvrc2fwamw2723agmxohpn5w7vlxra",
            "route_rules": [
              {
                "cidr_block": "",
                "description": "",
                "destination": "0.0.0.0/0",
                "destination_type": "CIDR_BLOCK",
                "network_entity_id": "ocid1.internetgateway.oc1.me-jeddah-1.aaaaaaaake6dqxscvbk2yfk6dykywcomga73xsupnacrf4r3tojpdarqujfq"
              }
            ],
            "state": "AVAILABLE",
            "time_created": "2021-01-15 21:41:55.204 +0000 UTC",
            "timeouts": null,
            "vcn_id": "ocid1.vcn.oc1.me-jeddah-1.amaaaaaav26xkiya7meazcyynumfpajkbu3fj7anqkz2wexwzkqt3j4tdirq"
          },
          "sensitive_attributes": [],
          "private": "eyJlMmJmYjczMC1lY2FhLTExZTYtOGY4OC0zNDM2M2JjN2M0YzAiOnsiY3JlYXRlIjoxMjAwMDAwMDAwMDAwLCJkZWxldGUiOjEyMDAwMDAwMDAwMDAsInVwZGF0ZSI6MTIwMDAwMDAwMDAwMH19",
          "dependencies": [
            "module.vcn.oci_core_internet_gateway.ig",
            "module.vcn.oci_core_vcn.vcn"
          ]
        }
      ]
    },
    {
      "module": "module.vcn",
      "mode": "managed",
      "type": "oci_core_route_table",
      "name": "nat",
      "provider": "provider[\"registry.terraform.io/hashicorp/oci\"]",
      "instances": [
        {
          "index_key": 0,
          "schema_version": 0,
          "attributes": {
            "compartment_id": "ocid1.tenancy.oc1..aaaaaaaadus45gcw2hf7r6a5wfjegzovazmxqemryxhto5phlt2gpalpcahq",
            "defined_tags": {
              "Oracle-Tags.CreatedBy": "oracleidentitycloudservice/hager.m.elsehaimy@gmail.com",
              "Oracle-Tags.CreatedOn": "2021-01-15T21:41:55.993Z"
            },
            "display_name": "nat-route",
            "freeform_tags": {
              "environment": "dev"
            },
            "id": "ocid1.routetable.oc1.me-jeddah-1.aaaaaaaaeexjsiy23nl7skaghrmuq3fnqc42tdaqdi5e67csz5mf7vurzbtq",
            "route_rules": [
              {
                "cidr_block": "",
                "description": "",
                "destination": "0.0.0.0/0",
                "destination_type": "CIDR_BLOCK",
                "network_entity_id": "ocid1.natgateway.oc1.me-jeddah-1.aaaaaaaaxbgs3bc7il7xp26woyajglrlcnqhyl7bxc42kc63vmrlca275uca"
              }
            ],
            "state": "AVAILABLE",
            "time_created": "2021-01-15 21:41:56.008 +0000 UTC",
            "timeouts": null,
            "vcn_id": "ocid1.vcn.oc1.me-jeddah-1.amaaaaaav26xkiya7meazcyynumfpajkbu3fj7anqkz2wexwzkqt3j4tdirq"
          },
          "sensitive_attributes": [],
          "private": "eyJlMmJmYjczMC1lY2FhLTExZTYtOGY4OC0zNDM2M2JjN2M0YzAiOnsiY3JlYXRlIjoxMjAwMDAwMDAwMDAwLCJkZWxldGUiOjEyMDAwMDAwMDAwMDAsInVwZGF0ZSI6MTIwMDAwMDAwMDAwMH19",
          "dependencies": [
            "module.vcn.data.oci_core_services.all_oci_services",
            "module.vcn.oci_core_nat_gateway.nat_gateway",
            "module.vcn.oci_core_service_gateway.service_gateway",
            "module.vcn.oci_core_vcn.vcn"
          ]
        }
      ]
    },
    {
      "module": "module.vcn",
      "mode": "managed",
      "type": "oci_core_vcn",
      "name": "vcn",
      "provider": "provider[\"registry.terraform.io/hashicorp/oci\"]",
      "instances": [
        {
          "schema_version": 0,
          "attributes": {
            "cidr_block": "10.0.0.0/16",
            "cidr_blocks": [
              "10.0.0.0/16"
            ],
            "compartment_id": "ocid1.tenancy.oc1..aaaaaaaadus45gcw2hf7r6a5wfjegzovazmxqemryxhto5phlt2gpalpcahq",
            "default_dhcp_options_id": "ocid1.dhcpoptions.oc1.me-jeddah-1.aaaaaaaai2v26bdwkbvd4fttyjsmml7ctjpagfy3nocplejfewpopnkudyna",
            "default_route_table_id": "ocid1.routetable.oc1.me-jeddah-1.aaaaaaaajlhoouzmf3sa3n2mlkldkkr4wxgexvfraspyjbs6ewhblzspputq",
            "default_security_list_id": "ocid1.securitylist.oc1.me-jeddah-1.aaaaaaaahw74hxevtlj43omi744nuiegkvx4iakp2inxd6siw7kxtwat5qvq",
            "defined_tags": {
              "Oracle-Tags.CreatedBy": "oracleidentitycloudservice/hager.m.elsehaimy@gmail.com",
              "Oracle-Tags.CreatedOn": "2021-01-15T21:41:53.121Z"
            },
            "display_name": "oci_vcn",
            "dns_label": "vcn1",
            "freeform_tags": {
              "environment": "dev"
            },
            "id": "ocid1.vcn.oc1.me-jeddah-1.amaaaaaav26xkiya7meazcyynumfpajkbu3fj7anqkz2wexwzkqt3j4tdirq",
            "ipv6cidr_block": null,
            "ipv6public_cidr_block": null,
            "is_ipv6enabled": null,
            "state": "AVAILABLE",
            "time_created": "2021-01-15 21:41:53.126 +0000 UTC",
            "timeouts": null,
            "vcn_domain_name": "vcn1.oraclevcn.com"
          },
          "sensitive_attributes": [],
          "private": "eyJlMmJmYjczMC1lY2FhLTExZTYtOGY4OC0zNDM2M2JjN2M0YzAiOnsiY3JlYXRlIjoxMjAwMDAwMDAwMDAwLCJkZWxldGUiOjEyMDAwMDAwMDAwMDAsInVwZGF0ZSI6MTIwMDAwMDAwMDAwMH19"
        }
      ]
    }
  ]
}
